
Microsoft Visual Studio Solution File, Format Version 12.00
# Visual Studio Version 16
VisualStudioVersion = 16.0.31424.327
MinimumVisualStudioVersion = 10.0.40219.1
Project("{FAE04EC0-301F-11D3-BF4B-00C04F79EFBC}") = "MonsterHunterStories2", "MonsterHunterStories2\MonsterHunterStories2.csproj", "{4AA635C1-0144-4023-A2AA-041686B9871D}"
EndProject
Global
	GlobalSection(SolutionConfigurationPlatforms) = preSolution
		Debug|Any CPU = Debug|Any CPU
		Release|Any CPU = Release|Any CPU
	EndGlobalSection
	GlobalSection(ProjectConfigurationPlatforms) = postSolution
		{4AA635C1-0144-4023-A2AA-041686B9871D}.Debug|Any CPU.ActiveCfg = Debug|Any CPU
		{4AA635C1-0144-4023-A2AA-041686B9871D}.Debug|Any CPU.Build.0 = Debug|Any CPU
		{4AA635C1-0144-4023-A2AA-041686B9871D}.Release|Any CPU.ActiveCfg = Release|Any CPU
		{4AA635C1-0144-4023-A2AA-041686B9871D}.Release|Any CPU.Build.0 = Release|Any CPU
	EndGlobalSection
	GlobalSection(SolutionProperties) = preSolution
		HideSolutionNode = FALSE
	EndGlobalSection
	GlobalSection(ExtensibilityGlobals) = postSolution
		SolutionGuid = {EBCADE52-AE19-43E1-903B-334918D35203}
	EndGlobalSection
EndGlobal
